
Microsoft Visual Studio Solution File, Format Version 12.00
# Visual Studio 15
VisualStudioVersion = 15.0.27428.2015
MinimumVisualStudioVersion = 10.0.40219.1
Project("{FAE04EC0-301F-11D3-BF4B-00C04F79EFBC}") = "WebAPI", "WebAPI\WebAPI.csproj", "{7C033722-9165-4E45-A069-D4E2EF874615}"
EndProject
Project("{FAE04EC0-301F-11D3-BF4B-00C04F79EFBC}") = "Web.ApplicationCore", "Web.ApplicationCore\Web.ApplicationCore.csproj", "{EA5ABDDD-4E97-45FC-B1FF-1CD945B04878}"
EndProject
Project("{FAE04EC0-301F-11D3-BF4B-00C04F79EFBC}") = "Web.Infrastructure", "Web.Infrastructure\Web.Infrastructure.csproj", "{323076FF-C165-49DB-8C86-6EBBE2E65669}"
EndProject
Global
	GlobalSection(SolutionConfigurationPlatforms) = preSolution
		Debug|Any CPU = Debug|Any CPU
		Release|Any CPU = Release|Any CPU
	EndGlobalSection
	GlobalSection(ProjectConfigurationPlatforms) = postSolution
		{7C033722-9165-4E45-A069-D4E2EF874615}.Debug|Any CPU.ActiveCfg = Debug|Any CPU
		{7C033722-9165-4E45-A069-D4E2EF874615}.Debug|Any CPU.Build.0 = Debug|Any CPU
		{7C033722-9165-4E45-A069-D4E2EF874615}.Release|Any CPU.ActiveCfg = Release|Any CPU
		{7C033722-9165-4E45-A069-D4E2EF874615}.Release|Any CPU.Build.0 = Release|Any CPU
		{EA5ABDDD-4E97-45FC-B1FF-1CD945B04878}.Debug|Any CPU.ActiveCfg = Debug|Any CPU
		{EA5ABDDD-4E97-45FC-B1FF-1CD945B04878}.Debug|Any CPU.Build.0 = Debug|Any CPU
		{EA5ABDDD-4E97-45FC-B1FF-1CD945B04878}.Release|Any CPU.ActiveCfg = Release|Any CPU
		{EA5ABDDD-4E97-45FC-B1FF-1CD945B04878}.Release|Any CPU.Build.0 = Release|Any CPU
		{323076FF-C165-49DB-8C86-6EBBE2E65669}.Debug|Any CPU.ActiveCfg = Debug|Any CPU
		{323076FF-C165-49DB-8C86-6EBBE2E65669}.Debug|Any CPU.Build.0 = Debug|Any CPU
		{323076FF-C165-49DB-8C86-6EBBE2E65669}.Release|Any CPU.ActiveCfg = Release|Any CPU
		{323076FF-C165-49DB-8C86-6EBBE2E65669}.Release|Any CPU.Build.0 = Release|Any CPU
	EndGlobalSection
	GlobalSection(SolutionProperties) = preSolution
		HideSolutionNode = FALSE
	EndGlobalSection
	GlobalSection(ExtensibilityGlobals) = postSolution
		SolutionGuid = {021DAF80-DE08-46E1-974C-6CE915F0D83E}
	EndGlobalSection
EndGlobal
